
Microsoft Visual Studio Solution File, Format Version 12.00
# Visual Studio Version 16
VisualStudioVersion = 16.0.30204.135
MinimumVisualStudioVersion = 10.0.40219.1
Project("{9A19103F-16F7-4668-BE54-9A1E7A4F7556}") = "Fork", "Fork.csproj", "{3EB8C2D3-3DD0-467C-BD30-21617EAD3537}"
EndProject
Global
	GlobalSection(SolutionConfigurationPlatforms) = preSolution
		Debug|Any CPU = Debug|Any CPU
		Release|Any CPU = Release|Any CPU
	EndGlobalSection
	GlobalSection(ProjectConfigurationPlatforms) = postSolution
		{3EB8C2D3-3DD0-467C-BD30-21617EAD3537}.Debug|Any CPU.ActiveCfg = Debug|Any CPU
		{3EB8C2D3-3DD0-467C-BD30-21617EAD3537}.Debug|Any CPU.Build.0 = Debug|Any CPU
		{3EB8C2D3-3DD0-467C-BD30-21617EAD3537}.Release|Any CPU.ActiveCfg = Release|Any CPU
		{3EB8C2D3-3DD0-467C-BD30-21617EAD3537}.Release|Any CPU.Build.0 = Release|Any CPU
	EndGlobalSection
	GlobalSection(SolutionProperties) = preSolution
		HideSolutionNode = FALSE
	EndGlobalSection
	GlobalSection(ExtensibilityGlobals) = postSolution
		SolutionGuid = {755E85C6-EB5D-45F7-9DE6-5ED1525E9BA5}
	EndGlobalSection
EndGlobal
