
Microsoft Visual Studio Solution File, Format Version 12.00
# Visual Studio Version 16
VisualStudioVersion = 16.0.28922.388
MinimumVisualStudioVersion = 10.0.40219.1
Project("{FAE04EC0-301F-11D3-BF4B-00C04F79EFBC}") = "arma", "arma.csproj", "{BECDDBAE-422F-46C8-90E8-371C7B8B296D}"
EndProject
Global
	GlobalSection(SolutionConfigurationPlatforms) = preSolution
		Debug|Any CPU = Debug|Any CPU
		Release|Any CPU = Release|Any CPU
	EndGlobalSection
	GlobalSection(ProjectConfigurationPlatforms) = postSolution
		{BECDDBAE-422F-46C8-90E8-371C7B8B296D}.Debug|Any CPU.ActiveCfg = Debug|Any CPU
		{BECDDBAE-422F-46C8-90E8-371C7B8B296D}.Debug|Any CPU.Build.0 = Debug|Any CPU
		{BECDDBAE-422F-46C8-90E8-371C7B8B296D}.Release|Any CPU.ActiveCfg = Release|Any CPU
		{BECDDBAE-422F-46C8-90E8-371C7B8B296D}.Release|Any CPU.Build.0 = Release|Any CPU
	EndGlobalSection
	GlobalSection(SolutionProperties) = preSolution
		HideSolutionNode = FALSE
	EndGlobalSection
	GlobalSection(ExtensibilityGlobals) = postSolution
		SolutionGuid = {B14A55E7-E378-493C-BF7D-5DFD07F6396D}
	EndGlobalSection
EndGlobal
